
Microsoft Visual Studio Solution File, Format Version 12.00
# Visual Studio Version 16
VisualStudioVersion = 16.0.808.3
MinimumVisualStudioVersion = 10.0.40219.1
Project("{FAE04EC0-301F-11D3-BF4B-00C04F79EFBC}") = "GreekHoaxes.ArticleExtractor", "GreekHoaxes.ArticleExtractor\GreekHoaxes.ArticleExtractor.csproj", "{401454F2-796C-4424-A9D8-28D63C2CFA88}"
EndProject
Project("{FAE04EC0-301F-11D3-BF4B-00C04F79EFBC}") = "GreekHoaxes.Models", "GreekHoaxes.Models\GreekHoaxes.Models.csproj", "{F2527836-F17A-412D-8F13-2E72F257C5C4}"
EndProject
Global
	GlobalSection(SolutionConfigurationPlatforms) = preSolution
		Debug|Any CPU = Debug|Any CPU
		Release|Any CPU = Release|Any CPU
	EndGlobalSection
	GlobalSection(ProjectConfigurationPlatforms) = postSolution
		{401454F2-796C-4424-A9D8-28D63C2CFA88}.Debug|Any CPU.ActiveCfg = Debug|Any CPU
		{401454F2-796C-4424-A9D8-28D63C2CFA88}.Debug|Any CPU.Build.0 = Debug|Any CPU
		{401454F2-796C-4424-A9D8-28D63C2CFA88}.Release|Any CPU.ActiveCfg = Release|Any CPU
		{401454F2-796C-4424-A9D8-28D63C2CFA88}.Release|Any CPU.Build.0 = Release|Any CPU
		{F2527836-F17A-412D-8F13-2E72F257C5C4}.Debug|Any CPU.ActiveCfg = Debug|Any CPU
		{F2527836-F17A-412D-8F13-2E72F257C5C4}.Debug|Any CPU.Build.0 = Debug|Any CPU
		{F2527836-F17A-412D-8F13-2E72F257C5C4}.Release|Any CPU.ActiveCfg = Release|Any CPU
		{F2527836-F17A-412D-8F13-2E72F257C5C4}.Release|Any CPU.Build.0 = Release|Any CPU
	EndGlobalSection
	GlobalSection(SolutionProperties) = preSolution
		HideSolutionNode = FALSE
	EndGlobalSection
	GlobalSection(ExtensibilityGlobals) = postSolution
		SolutionGuid = {BDF288CE-1CCC-4A22-B65D-015974A237E2}
	EndGlobalSection
EndGlobal
